
Microsoft Visual Studio Solution File, Format Version 12.00
# Visual Studio Version 17
VisualStudioVersion = 17.5.33516.290
MinimumVisualStudioVersion = 10.0.40219.1
Project("{9A19103F-16F7-4668-BE54-9A1E7A4F7556}") = "Mmu.EfCoreSecurity.DataAccess", "Sources\Application\DataAccess\Mmu.EfCoreSecurity.DataAccess.csproj", "{1968636B-26EB-4832-97B0-C366354BDCB5}"
EndProject
Project("{9A19103F-16F7-4668-BE54-9A1E7A4F7556}") = "Mmu.EfCoreSecurity.WebUI", "Sources\Application\WebUI\Mmu.EfCoreSecurity.WebUI.csproj", "{5865FB1C-FB25-4487-B6C8-587C511335EE}"
EndProject
Project("{9A19103F-16F7-4668-BE54-9A1E7A4F7556}") = "Mmu.EfCoreSecurity.Common", "Sources\Application\Common\Mmu.EfCoreSecurity.Common.csproj", "{BF2D1A60-373C-4AC6-AD0D-FC99DDFA43A0}"
EndProject
Global
	GlobalSection(SolutionConfigurationPlatforms) = preSolution
		Debug|Any CPU = Debug|Any CPU
		Release|Any CPU = Release|Any CPU
	EndGlobalSection
	GlobalSection(ProjectConfigurationPlatforms) = postSolution
		{1968636B-26EB-4832-97B0-C366354BDCB5}.Debug|Any CPU.ActiveCfg = Debug|Any CPU
		{1968636B-26EB-4832-97B0-C366354BDCB5}.Debug|Any CPU.Build.0 = Debug|Any CPU
		{1968636B-26EB-4832-97B0-C366354BDCB5}.Release|Any CPU.ActiveCfg = Release|Any CPU
		{1968636B-26EB-4832-97B0-C366354BDCB5}.Release|Any CPU.Build.0 = Release|Any CPU
		{5865FB1C-FB25-4487-B6C8-587C511335EE}.Debug|Any CPU.ActiveCfg = Debug|Any CPU
		{5865FB1C-FB25-4487-B6C8-587C511335EE}.Debug|Any CPU.Build.0 = Debug|Any CPU
		{5865FB1C-FB25-4487-B6C8-587C511335EE}.Release|Any CPU.ActiveCfg = Release|Any CPU
		{5865FB1C-FB25-4487-B6C8-587C511335EE}.Release|Any CPU.Build.0 = Release|Any CPU
		{BF2D1A60-373C-4AC6-AD0D-FC99DDFA43A0}.Debug|Any CPU.ActiveCfg = Debug|Any CPU
		{BF2D1A60-373C-4AC6-AD0D-FC99DDFA43A0}.Debug|Any CPU.Build.0 = Debug|Any CPU
		{BF2D1A60-373C-4AC6-AD0D-FC99DDFA43A0}.Release|Any CPU.ActiveCfg = Release|Any CPU
		{BF2D1A60-373C-4AC6-AD0D-FC99DDFA43A0}.Release|Any CPU.Build.0 = Release|Any CPU
	EndGlobalSection
	GlobalSection(SolutionProperties) = preSolution
		HideSolutionNode = FALSE
	EndGlobalSection
	GlobalSection(ExtensibilityGlobals) = postSolution
		SolutionGuid = {AD731F7E-BA29-4AC6-B0FA-2E92EA61AAA0}
	EndGlobalSection
EndGlobal
